
Microsoft Visual Studio Solution File, Format Version 12.00
# Visual Studio Version 16
VisualStudioVersion = 16.0.31313.79
MinimumVisualStudioVersion = 10.0.40219.1
Project("{FAE04EC0-301F-11D3-BF4B-00C04F79EFBC}") = "XCReceiptPrinterTester", "XCReceiptPrinterTester.csproj", "{08BC7CDB-E01D-4B35-BE9A-5F9B580D0561}"
EndProject
Project("{FAE04EC0-301F-11D3-BF4B-00C04F79EFBC}") = "XCReceiptPrinter", "..\XCReceiptPrinter\XCReceiptPrinter.csproj", "{DF2CF6B9-D3E8-4B4D-A470-3521EA6325E0}"
EndProject
Global
	GlobalSection(SolutionConfigurationPlatforms) = preSolution
		Debug|Any CPU = Debug|Any CPU
		Release|Any CPU = Release|Any CPU
	EndGlobalSection
	GlobalSection(ProjectConfigurationPlatforms) = postSolution
		{08BC7CDB-E01D-4B35-BE9A-5F9B580D0561}.Debug|Any CPU.ActiveCfg = Debug|Any CPU
		{08BC7CDB-E01D-4B35-BE9A-5F9B580D0561}.Debug|Any CPU.Build.0 = Debug|Any CPU
		{08BC7CDB-E01D-4B35-BE9A-5F9B580D0561}.Release|Any CPU.ActiveCfg = Release|Any CPU
		{08BC7CDB-E01D-4B35-BE9A-5F9B580D0561}.Release|Any CPU.Build.0 = Release|Any CPU
		{DF2CF6B9-D3E8-4B4D-A470-3521EA6325E0}.Debug|Any CPU.ActiveCfg = Debug|Any CPU
		{DF2CF6B9-D3E8-4B4D-A470-3521EA6325E0}.Debug|Any CPU.Build.0 = Debug|Any CPU
		{DF2CF6B9-D3E8-4B4D-A470-3521EA6325E0}.Release|Any CPU.ActiveCfg = Release|Any CPU
		{DF2CF6B9-D3E8-4B4D-A470-3521EA6325E0}.Release|Any CPU.Build.0 = Release|Any CPU
	EndGlobalSection
	GlobalSection(SolutionProperties) = preSolution
		HideSolutionNode = FALSE
	EndGlobalSection
	GlobalSection(ExtensibilityGlobals) = postSolution
		SolutionGuid = {95504297-A25E-4A7E-BC2C-73AE1F26BF34}
	EndGlobalSection
EndGlobal
